
Microsoft Visual Studio Solution File, Format Version 12.00
# Visual Studio 14
VisualStudioVersion = 14.0.25420.1
MinimumVisualStudioVersion = 10.0.40219.1
Project("{FAE04EC0-301F-11D3-BF4B-00C04F79EFBC}") = "TaskFive", "TaskFive\TaskFive.csproj", "{DB60EB35-9520-47CF-BE5E-126CEAB8DB14}"
EndProject
Global
	GlobalSection(SolutionConfigurationPlatforms) = preSolution
		Debug|Any CPU = Debug|Any CPU
		Release|Any CPU = Release|Any CPU
	EndGlobalSection
	GlobalSection(ProjectConfigurationPlatforms) = postSolution
		{DB60EB35-9520-47CF-BE5E-126CEAB8DB14}.Debug|Any CPU.ActiveCfg = Debug|Any CPU
		{DB60EB35-9520-47CF-BE5E-126CEAB8DB14}.Debug|Any CPU.Build.0 = Debug|Any CPU
		{DB60EB35-9520-47CF-BE5E-126CEAB8DB14}.Release|Any CPU.ActiveCfg = Release|Any CPU
		{DB60EB35-9520-47CF-BE5E-126CEAB8DB14}.Release|Any CPU.Build.0 = Release|Any CPU
	EndGlobalSection
	GlobalSection(SolutionProperties) = preSolution
		HideSolutionNode = FALSE
	EndGlobalSection
EndGlobal
